
Microsoft Visual Studio Solution File, Format Version 12.00
# Visual Studio Version 17
VisualStudioVersion = 17.9.34728.123
MinimumVisualStudioVersion = 10.0.40219.1
Project("{2150E333-8FDC-42A3-9474-1A3956D46DE8}") = "01.WebApi", "01.WebApi", "{B6A79ACE-3FC8-416F-A7D7-A3422628669B}"
EndProject
Project("{2150E333-8FDC-42A3-9474-1A3956D46DE8}") = "02.Manager", "02.Manager", "{9AF275DE-4C78-47EF-A011-313C0FA219F9}"
EndProject
Project("{2150E333-8FDC-42A3-9474-1A3956D46DE8}") = "03.Data", "03.Data", "{2ACDF93B-55C6-43A4-9C55-971AABDA409A}"
EndProject
Project("{2150E333-8FDC-42A3-9474-1A3956D46DE8}") = "04.Core", "04.Core", "{2B1ADCB7-AFB2-42DB-8A19-DC7934831133}"
EndProject
Project("{2150E333-8FDC-42A3-9474-1A3956D46DE8}") = "05.Tests", "05.Tests", "{8D278CF5-FF97-4BBD-A146-0FE2A82588E2}"
EndProject
Project("{FAE04EC0-301F-11D3-BF4B-00C04F79EFBC}") = "CL.WebApi", "CL.WebApi\CL.WebApi.csproj", "{6FECA679-735B-4CCB-BED5-2F99AD5C6DCB}"
EndProject
Project("{FAE04EC0-301F-11D3-BF4B-00C04F79EFBC}") = "CL.Manager", "CL.Manager\CL.Manager.csproj", "{57C15076-1194-40EB-A91C-33F102BE9002}"
EndProject
Project("{FAE04EC0-301F-11D3-BF4B-00C04F79EFBC}") = "CL.Core", "CL.Core\CL.Core.csproj", "{1EEBF5E7-8C69-4D4E-8F57-1872EA1A8C7C}"
EndProject
Project("{FAE04EC0-301F-11D3-BF4B-00C04F79EFBC}") = "CL.Data", "CL.Data\CL.Data.csproj", "{762E3028-C4AB-45E6-95B1-9B6CB7C520BF}"
EndProject
Project("{FAE04EC0-301F-11D3-BF4B-00C04F79EFBC}") = "CL.Tests", "CL.Tests\CL.Tests.csproj", "{A3B53D3E-1E03-4A5B-B346-3BEFEE5CB65F}"
EndProject
Global
	GlobalSection(SolutionConfigurationPlatforms) = preSolution
		Debug|Any CPU = Debug|Any CPU
		Release|Any CPU = Release|Any CPU
	EndGlobalSection
	GlobalSection(ProjectConfigurationPlatforms) = postSolution
		{6FECA679-735B-4CCB-BED5-2F99AD5C6DCB}.Debug|Any CPU.ActiveCfg = Debug|Any CPU
		{6FECA679-735B-4CCB-BED5-2F99AD5C6DCB}.Debug|Any CPU.Build.0 = Debug|Any CPU
		{6FECA679-735B-4CCB-BED5-2F99AD5C6DCB}.Release|Any CPU.ActiveCfg = Release|Any CPU
		{6FECA679-735B-4CCB-BED5-2F99AD5C6DCB}.Release|Any CPU.Build.0 = Release|Any CPU
		{57C15076-1194-40EB-A91C-33F102BE9002}.Debug|Any CPU.ActiveCfg = Debug|Any CPU
		{57C15076-1194-40EB-A91C-33F102BE9002}.Debug|Any CPU.Build.0 = Debug|Any CPU
		{57C15076-1194-40EB-A91C-33F102BE9002}.Release|Any CPU.ActiveCfg = Release|Any CPU
		{57C15076-1194-40EB-A91C-33F102BE9002}.Release|Any CPU.Build.0 = Release|Any CPU
		{1EEBF5E7-8C69-4D4E-8F57-1872EA1A8C7C}.Debug|Any CPU.ActiveCfg = Debug|Any CPU
		{1EEBF5E7-8C69-4D4E-8F57-1872EA1A8C7C}.Debug|Any CPU.Build.0 = Debug|Any CPU
		{1EEBF5E7-8C69-4D4E-8F57-1872EA1A8C7C}.Release|Any CPU.ActiveCfg = Release|Any CPU
		{1EEBF5E7-8C69-4D4E-8F57-1872EA1A8C7C}.Release|Any CPU.Build.0 = Release|Any CPU
		{762E3028-C4AB-45E6-95B1-9B6CB7C520BF}.Debug|Any CPU.ActiveCfg = Debug|Any CPU
		{762E3028-C4AB-45E6-95B1-9B6CB7C520BF}.Debug|Any CPU.Build.0 = Debug|Any CPU
		{762E3028-C4AB-45E6-95B1-9B6CB7C520BF}.Release|Any CPU.ActiveCfg = Release|Any CPU
		{762E3028-C4AB-45E6-95B1-9B6CB7C520BF}.Release|Any CPU.Build.0 = Release|Any CPU
		{A3B53D3E-1E03-4A5B-B346-3BEFEE5CB65F}.Debug|Any CPU.ActiveCfg = Debug|Any CPU
		{A3B53D3E-1E03-4A5B-B346-3BEFEE5CB65F}.Debug|Any CPU.Build.0 = Debug|Any CPU
		{A3B53D3E-1E03-4A5B-B346-3BEFEE5CB65F}.Release|Any CPU.ActiveCfg = Release|Any CPU
		{A3B53D3E-1E03-4A5B-B346-3BEFEE5CB65F}.Release|Any CPU.Build.0 = Release|Any CPU
	EndGlobalSection
	GlobalSection(SolutionProperties) = preSolution
		HideSolutionNode = FALSE
	EndGlobalSection
	GlobalSection(NestedProjects) = preSolution
		{6FECA679-735B-4CCB-BED5-2F99AD5C6DCB} = {B6A79ACE-3FC8-416F-A7D7-A3422628669B}
		{57C15076-1194-40EB-A91C-33F102BE9002} = {9AF275DE-4C78-47EF-A011-313C0FA219F9}
		{1EEBF5E7-8C69-4D4E-8F57-1872EA1A8C7C} = {2B1ADCB7-AFB2-42DB-8A19-DC7934831133}
		{762E3028-C4AB-45E6-95B1-9B6CB7C520BF} = {2ACDF93B-55C6-43A4-9C55-971AABDA409A}
		{A3B53D3E-1E03-4A5B-B346-3BEFEE5CB65F} = {8D278CF5-FF97-4BBD-A146-0FE2A82588E2}
	EndGlobalSection
	GlobalSection(ExtensibilityGlobals) = postSolution
		SolutionGuid = {C440162F-BC3C-4F79-A767-4E9297FD0B60}
	EndGlobalSection
EndGlobal
